// !$*UTF8*$!
{
	archiveVersion = 1;
	classes = {
	};
	objectVersion = 46;
	objects = {

/* Begin PBXBuildFile section */
		F857AA3A1C51958D00607FD2 /* AppDelegate.swift in Sources */ = {isa = PBXBuildFile; fileRef = F857AA391C51958D00607FD2 /* AppDelegate.swift */; };
		F857AA3C1C51958D00607FD2 /* ViewController.swift in Sources */ = {isa = PBXBuildFile; fileRef = F857AA3B1C51958D00607FD2 /* ViewController.swift */; };
		F857AA3E1C51958D00607FD2 /* Assets.xcassets in Resources */ = {isa = PBXBuildFile; fileRef = F857AA3D1C51958D00607FD2 /* Assets.xcassets */; };
		F857AA411C51958D00607FD2 /* Main.storyboard in Resources */ = {isa = PBXBuildFile; fileRef = F857AA3F1C51958D00607FD2 /* Main.storyboard */; };
/* End PBXBuildFile section */

/* Begin PBXFileReference section */
		F857AA361C51958D00607FD2 /* LegofySwiftDemo.app */ = {isa = PBXFileReference; explicitFileType = wrapper.application; includeInIndex = 0; path = LegofySwiftDemo.app; sourceTree = BUILT_PRODUCTS_DIR; };
		F857AA391C51958D00607FD2 /* AppDelegate.swift */ = {isa = PBXFileReference; lastKnownFileType = sourcecode.swift; path = AppDelegate.swift; sourceTree = "<group>"; };
		F857AA3B1C51958D00607FD2 /* ViewController.swift */ = {isa = PBXFileReference; lastKnownFileType = sourcecode.swift; path = ViewController.swift; sourceTree = "<group>"; };
		F857AA3D1C51958D00607FD2 /* Assets.xcassets */ = {isa = PBXFileReference; lastKnownFileType = folder.assetcatalog; path = Assets.xcassets; sourceTree = "<group>"; };
		F857AA401C51958D00607FD2 /* Base */ = {isa = PBXFileReference; lastKnownFileType = file.storyboard; name = Base; path = Base.lproj/Main.storyboard; sourceTree = "<group>"; };
		F857AA421C51958D00607FD2 /* Info.plist */ = {isa = PBXFileReference; lastKnownFileType = text.plist.xml; path = Info.plist; sourceTree = "<group>"; };
/* End PBXFileReference section */

/* Begin PBXFrameworksBuildPhase section */
		F857AA331C51958D00607FD2 /* Frameworks */ = {
			isa = PBXFrameworksBuildPhase;
			buildActionMask = 2147483647;
			files = (
			);
			runOnlyForDeploymentPostprocessing = 0;
		};
/* End PBXFrameworksBuildPhase section */

/* Begin PBXGroup section */
		F857AA2D1C51958D00607FD2 = {
			isa = PBXGroup;
			children = (
				F857AA381C51958D00607FD2 /* LegofySwiftDemo */,
				F857AA371C51958D00607FD2 /* Products */,
			);
			sourceTree = "<group>";
		};
		F857AA371C51958D00607FD2 /* Products */ = {
			isa = PBXGroup;
			children = (
				F857AA361C51958D00607FD2 /* LegofySwiftDemo.app */,
			);
			name = Products;
			sourceTree = "<group>";
		};
		F857AA381C51958D00607FD2 /* LegofySwiftDemo */ = {
			isa = PBXGroup;
			children = (
				F857AA391C51958D00607FD2 /* AppDelegate.swift */,
				F857AA3B1C51958D00607FD2 /* ViewController.swift */,
				F857AA3D1C51958D00607FD2 /* Assets.xcassets */,
				F857AA3F1C51958D00607FD2 /* Main.storyboard */,
				F857AA421C51958D00607FD2 /* Info.plist */,
			);
			path = LegofySwiftDemo;
			sourceTree = "<group>";
		};
/* End PBXGroup section */

/* Begin PBXNativeTarget section */
		F857AA351C51958D00607FD2 /* LegofySwiftDemo */ = {
			isa = PBXNativeTarget;
			buildConfigurationList = F857AA451C51958D00607FD2 /* Build configuration list for PBXNativeTarget "LegofySwiftDemo" */;
			buildPhases = (
				F857AA321C51958D00607FD2 /* Sources */,
				F857AA331C51958D00607FD2 /* Frameworks */,
				F857AA341C51958D00607FD2 /* Resources */,
			);
			buildRules = (
			);
			dependencies = (
			);
			name = LegofySwiftDemo;
			productName = LegofySwiftDemo;
			productReference = F857AA361C51958D00607FD2 /* LegofySwiftDemo.app */;
			productType = "com.apple.product-type.application";
		};
/* End PBXNativeTarget section */

/* Begin PBXProject section */
		F857AA2E1C51958D00607FD2 /* Project object */ = {
			isa = PBXProject;
			attributes = {
				LastSwiftUpdateCheck = 0720;
				LastUpgradeCheck = 0720;
				ORGANIZATIONNAME = "Stefan Lage";
				TargetAttributes = {
					F857AA351C51958D00607FD2 = {
						CreatedOnToolsVersion = 7.2;
					};
				};
			};
			buildConfigurationList = F857AA311C51958D00607FD2 /* Build configuration list for PBXProject "LegofySwiftDemo" */;
			compatibilityVersion = "Xcode 3.2";
			developmentRegion = English;
			hasScannedForEncodings = 0;
			knownRegions = (
				en,
				Base,
			);
			mainGroup = F857AA2D1C51958D00607FD2;
			productRefGroup = F857AA371C51958D00607FD2 /* Products */;
			projectDirPath = "";
			projectRoot = "";
			targets = (
				F857AA351C51958D00607FD2 /* LegofySwiftDemo */,
			);
		};
/* End PBXProject section */

/* Begin PBXResourcesBuildPhase section */
		F857AA341C51958D00607FD2 /* Resources */ = {
			isa = PBXResourcesBuildPhase;
			buildActionMask = 2147483647;
			files = (
				F857AA3E1C51958D00607FD2 /* Assets.xcassets in Resources */,
				F857AA411C51958D00607FD2 /* Main.storyboard in Resources */,
			);
			runOnlyForDeploymentPostprocessing = 0;
		};
/* End PBXResourcesBuildPhase section */

/* Begin PBXSourcesBuildPhase section */
		F857AA321C51958D00607FD2 /* Sources */ = {
			isa = PBXSourcesBuildPhase;
			buildActionMask = 2147483647;
			files = (
				F857AA3C1C51958D00607FD2 /* ViewController.swift in Sources */,
				F857AA3A1C51958D00607FD2 /* AppDelegate.swift in Sources */,
			);
			runOnlyForDeploymentPostprocessing = 0;
		};
/* End PBXSourcesBuildPhase section */

/* Begin PBXVariantGroup section */
		F857AA3F1C51958D00607FD2 /* Main.storyboard */ = {
			isa = PBXVariantGroup;
			children = (
				F857AA401C51958D00607FD2 /* Base */,
			);
			name = Main.storyboard;
			sourceTree = "<group>";
		};
/* End PBXVariantGroup section */

/* Begin XCBuildConfiguration section */
		F857AA431C51958D00607FD2 /* Debug */ = {
			isa = XCBuildConfiguration;
			buildSettings = {
				ALWAYS_SEARCH_USER_PATHS = NO;
				CLANG_CXX_LANGUAGE_STANDARD = "gnu++0x";
				CLANG_CXX_LIBRARY = "libc++";
				CLANG_ENABLE_MODULES = YES;
				CLANG_ENABLE_OBJC_ARC = YES;
				CLANG_WARN_BOOL_CONVERSION = YES;
				CLANG_WARN_CONSTANT_CONVERSION = YES;
				CLANG_WARN_DIRECT_OBJC_ISA_USAGE = YES_ERROR;
				CLANG_WARN_EMPTY_BODY = YES;
				CLANG_WARN_ENUM_CONVERSION = YES;
				CLANG_WARN_INT_CONVERSION = YES;
				CLANG_WARN_OBJC_ROOT_CLASS = YES_ERROR;
				CLANG_WARN_UNREACHABLE_CODE = YES;
				CLANG_WARN__DUPLICATE_METHOD_MATCH = YES;
				CODE_SIGN_IDENTITY = "-";
				COPY_PHASE_STRIP = NO;
				DEBUG_INFORMATION_FORMAT = dwarf;
				ENABLE_STRICT_OBJC_MSGSEND = YES;
				ENABLE_TESTABILITY = YES;
				GCC_C_LANGUAGE_STANDARD = gnu99;
				GCC_DYNAMIC_NO_PIC = NO;
				GCC_NO_COMMON_BLOCKS = YES;
				GCC_OPTIMIZATION_LEVEL = 0;
				GCC_PREPROCESSOR_DEFINITIONS = (
					"DEBUG=1",
					"$(inherited)",
				);
				GCC_WARN_64_TO_32_BIT_CONVERSION = YES;
				GCC_WARN_ABOUT_RETURN_TYPE = YES_ERROR;
				GCC_WARN_UNDECLARED_SELECTOR = YES;
				GCC_WARN_UNINITIALIZED_AUTOS = YES_AGGRESSIVE;
				GCC_WARN_UNUSED_FUNCTION = YES;
				GCC_WARN_UNUSED_VARIABLE = YES;
				MACOSX_DEPLOYMENT_TARGET = 10.11;
				MTL_ENABLE_DEBUG_INFO = YES;
				ONLY_ACTIVE_ARCH = YES;
				SDKROOT = macosx;
				SWIFT_OPTIMIZATION_LEVEL = "-Onone";
			};
			name = Debug;
		};
		F857AA441C51958D00607FD2 /* Release */ = {
			isa = XCBuildConfiguration;
			buildSettings = {
				ALWAYS_SEARCH_USER_PATHS = NO;
				CLANG_CXX_LANGUAGE_STANDARD = "gnu++0x";
				CLANG_CXX_LIBRARY = "libc++";
				CLANG_ENABLE_MODULES = YES;
				CLANG_ENABLE_OBJC_ARC = YES;
				CLANG_WARN_BOOL_CONVERSION = YES;
				CLANG_WARN_CONSTANT_CONVERSION = YES;
				CLANG_WARN_DIRECT_OBJC_ISA_USAGE = YES_ERROR;
				CLANG_WARN_EMPTY_BODY = YES;
				CLANG_WARN_ENUM_CONVERSION = YES;
				CLANG_WARN_INT_CONVERSION = YES;
				CLANG_WARN_OBJC_ROOT_CLASS = YES_ERROR;
				CLANG_WARN_UNREACHABLE_CODE = YES;
				CLANG_WARN__DUPLICATE_METHOD_MATCH = YES;
				CODE_SIGN_IDENTITY = "-";
				COPY_PHASE_STRIP = NO;
				DEBUG_INFORMATION_FORMAT = "dwarf-with-dsym";
				ENABLE_NS_ASSERTIONS = NO;
				ENABLE_STRICT_OBJC_MSGSEND = YES;
				GCC_C_LANGUAGE_STANDARD = gnu99;
				GCC_NO_COMMON_BLOCKS = YES;
				GCC_WARN_64_TO_32_BIT_CONVERSION = YES;
				GCC_WARN_ABOUT_RETURN_TYPE = YES_ERROR;
				GCC_WARN_UNDECLARED_SELECTOR = YES;
				GCC_WARN_UNINITIALIZED_AUTOS = YES_AGGRESSIVE;
				GCC_WARN_UNUSED_FUNCTION = YES;
				GCC_WARN_UNUSED_VARIABLE = YES;
				MACOSX_DEPLOYMENT_TARGET = 10.11;
				MTL_ENABLE_DEBUG_INFO = NO;
				SDKROOT = macosx;
			};
			name = Release;
		};
		F857AA461C51958D00607FD2 /* Debug */ = {
			isa = XCBuildConfiguration;
			buildSettings = {
				ASSETCATALOG_COMPILER_APPICON_NAME = AppIcon;
				COMBINE_HIDPI_IMAGES = YES;
				INFOPLIST_FILE = LegofySwiftDemo/Info.plist;
				LD_RUNPATH_SEARCH_PATHS = "$(inherited) @executable_path/../Frameworks";
				PRODUCT_BUNDLE_IDENTIFIER = StefanLage.LegofySwiftDemo;
				PRODUCT_NAME = "$(TARGET_NAME)";
			};
			name = Debug;
		};
		F857AA471C51958D00607FD2 /* Release */ = {
			isa = XCBuildConfiguration;
			buildSettings = {
				ASSETCATALOG_COMPILER_APPICON_NAME = AppIcon;
				COMBINE_HIDPI_IMAGES = YES;
				INFOPLIST_FILE = LegofySwiftDemo/Info.plist;
				LD_RUNPATH_SEARCH_PATHS = "$(inherited) @executable_path/../Frameworks";
				PRODUCT_BUNDLE_IDENTIFIER = StefanLage.LegofySwiftDemo;
				PRODUCT_NAME = "$(TARGET_NAME)";
			};
			name = Release;
		};
/* End XCBuildConfiguration section */

/* Begin XCConfigurationList section */
		F857AA311C51958D00607FD2 /* Build configuration list for PBXProject "LegofySwiftDemo" */ = {
			isa = XCConfigurationList;
			buildConfigurations = (
				F857AA431C51958D00607FD2 /* Debug */,
				F857AA441C51958D00607FD2 /* Release */,
			);
			defaultConfigurationIsVisible = 0;
			defaultConfigurationName = Release;
		};
		F857AA451C51958D00607FD2 /* Build configuration list for PBXNativeTarget "LegofySwiftDemo" */ = {
			isa = XCConfigurationList;
			buildConfigurations = (
				F857AA461C51958D00607FD2 /* Debug */,
				F857AA471C51958D00607FD2 /* Release */,
			);
			defaultConfigurationIsVisible = 0;
			defaultConfigurationName = Release;
		};
/* End XCConfigurationList section */
	};
	rootObject = F857AA2E1C51958D00607FD2 /* Project object */;
}
